// !$*UTF8*$!
{
	archiveVersion = 1;
	classes = {
	};
	objectVersion = 46;
	objects = {

/* Begin PBXBuildFile section */
		D73B17181B08B3D400E17307 /* main.m in Sources */ = {isa = PBXBuildFile; fileRef = D73B17171B08B3D400E17307 /* main.m */; };
		D73B171B1B08B3D400E17307 /* AppDelegate.m in Sources */ = {isa = PBXBuildFile; fileRef = D73B171A1B08B3D400E17307 /* AppDelegate.m */; };
		D73B171E1B08B3D400E17307 /* ViewController.m in Sources */ = {isa = PBXBuildFile; fileRef = D73B171D1B08B3D400E17307 /* ViewController.m */; };
		D73B17211B08B3D400E17307 /* Main.storyboard in Resources */ = {isa = PBXBuildFile; fileRef = D73B171F1B08B3D400E17307 /* Main.storyboard */; };
		D73B17231B08B3D400E17307 /* Images.xcassets in Resources */ = {isa = PBXBuildFile; fileRef = D73B17221B08B3D400E17307 /* Images.xcassets */; };
		D73B17261B08B3D400E17307 /* LaunchScreen.xib in Resources */ = {isa = PBXBuildFile; fileRef = D73B17241B08B3D400E17307 /* LaunchScreen.xib */; };
		D73B17321B08B3D400E17307 /* TLSDemoTests.m in Sources */ = {isa = PBXBuildFile; fileRef = D73B17311B08B3D400E17307 /* TLSDemoTests.m */; };
/* End PBXBuildFile section */

/* Begin PBXContainerItemProxy section */
		D73B172C1B08B3D400E17307 /* PBXContainerItemProxy */ = {
			isa = PBXContainerItemProxy;
			containerPortal = D73B170A1B08B3D300E17307 /* Project object */;
			proxyType = 1;
			remoteGlobalIDString = D73B17111B08B3D400E17307;
			remoteInfo = TLSDemo;
		};
/* End PBXContainerItemProxy section */

/* Begin PBXFileReference section */
		D73B17121B08B3D400E17307 /* TLSDemo.app */ = {isa = PBXFileReference; explicitFileType = wrapper.application; includeInIndex = 0; path = TLSDemo.app; sourceTree = BUILT_PRODUCTS_DIR; };
		D73B17161B08B3D400E17307 /* Info.plist */ = {isa = PBXFileReference; lastKnownFileType = text.plist.xml; path = Info.plist; sourceTree = "<group>"; };
		D73B17171B08B3D400E17307 /* main.m */ = {isa = PBXFileReference; lastKnownFileType = sourcecode.c.objc; path = main.m; sourceTree = "<group>"; };
		D73B17191B08B3D400E17307 /* AppDelegate.h */ = {isa = PBXFileReference; lastKnownFileType = sourcecode.c.h; path = AppDelegate.h; sourceTree = "<group>"; };
		D73B171A1B08B3D400E17307 /* AppDelegate.m */ = {isa = PBXFileReference; lastKnownFileType = sourcecode.c.objc; path = AppDelegate.m; sourceTree = "<group>"; };
		D73B171C1B08B3D400E17307 /* ViewController.h */ = {isa = PBXFileReference; lastKnownFileType = sourcecode.c.h; path = ViewController.h; sourceTree = "<group>"; };
		D73B171D1B08B3D400E17307 /* ViewController.m */ = {isa = PBXFileReference; lastKnownFileType = sourcecode.c.objc; path = ViewController.m; sourceTree = "<group>"; };
		D73B17201B08B3D400E17307 /* Base */ = {isa = PBXFileReference; lastKnownFileType = file.storyboard; name = Base; path = Base.lproj/Main.storyboard; sourceTree = "<group>"; };
		D73B17221B08B3D400E17307 /* Images.xcassets */ = {isa = PBXFileReference; lastKnownFileType = folder.assetcatalog; path = Images.xcassets; sourceTree = "<group>"; };
		D73B17251B08B3D400E17307 /* Base */ = {isa = PBXFileReference; lastKnownFileType = file.xib; name = Base; path = Base.lproj/LaunchScreen.xib; sourceTree = "<group>"; };
		D73B172B1B08B3D400E17307 /* TLSDemoTests.xctest */ = {isa = PBXFileReference; explicitFileType = wrapper.cfbundle; includeInIndex = 0; path = TLSDemoTests.xctest; sourceTree = BUILT_PRODUCTS_DIR; };
		D73B17301B08B3D400E17307 /* Info.plist */ = {isa = PBXFileReference; lastKnownFileType = text.plist.xml; path = Info.plist; sourceTree = "<group>"; };
		D73B17311B08B3D400E17307 /* TLSDemoTests.m */ = {isa = PBXFileReference; lastKnownFileType = sourcecode.c.objc; path = TLSDemoTests.m; sourceTree = "<group>"; };
/* End PBXFileReference section */

/* Begin PBXFrameworksBuildPhase section */
		D73B170F1B08B3D400E17307 /* Frameworks */ = {
			isa = PBXFrameworksBuildPhase;
			buildActionMask = 2147483647;
			files = (
			);
			runOnlyForDeploymentPostprocessing = 0;
		};
		D73B17281B08B3D400E17307 /* Frameworks */ = {
			isa = PBXFrameworksBuildPhase;
			buildActionMask = 2147483647;
			files = (
			);
			runOnlyForDeploymentPostprocessing = 0;
		};
/* End PBXFrameworksBuildPhase section */

/* Begin PBXGroup section */
		D73B17091B08B3D300E17307 = {
			isa = PBXGroup;
			children = (
				D73B17141B08B3D400E17307 /* TLSDemo */,
				D73B172E1B08B3D400E17307 /* TLSDemoTests */,
				D73B17131B08B3D400E17307 /* Products */,
			);
			sourceTree = "<group>";
		};
		D73B17131B08B3D400E17307 /* Products */ = {
			isa = PBXGroup;
			children = (
				D73B17121B08B3D400E17307 /* TLSDemo.app */,
				D73B172B1B08B3D400E17307 /* TLSDemoTests.xctest */,
			);
			name = Products;
			sourceTree = "<group>";
		};
		D73B17141B08B3D400E17307 /* TLSDemo */ = {
			isa = PBXGroup;
			children = (
				D73B17191B08B3D400E17307 /* AppDelegate.h */,
				D73B171A1B08B3D400E17307 /* AppDelegate.m */,
				D73B171C1B08B3D400E17307 /* ViewController.h */,
				D73B171D1B08B3D400E17307 /* ViewController.m */,
				D73B171F1B08B3D400E17307 /* Main.storyboard */,
				D73B17221B08B3D400E17307 /* Images.xcassets */,
				D73B17241B08B3D400E17307 /* LaunchScreen.xib */,
				D73B17151B08B3D400E17307 /* Supporting Files */,
			);
			path = TLSDemo;
			sourceTree = "<group>";
		};
		D73B17151B08B3D400E17307 /* Supporting Files */ = {
			isa = PBXGroup;
			children = (
				D73B17161B08B3D400E17307 /* Info.plist */,
				D73B17171B08B3D400E17307 /* main.m */,
			);
			name = "Supporting Files";
			sourceTree = "<group>";
		};
		D73B172E1B08B3D400E17307 /* TLSDemoTests */ = {
			isa = PBXGroup;
			children = (
				D73B17311B08B3D400E17307 /* TLSDemoTests.m */,
				D73B172F1B08B3D400E17307 /* Supporting Files */,
			);
			path = TLSDemoTests;
			sourceTree = "<group>";
		};
		D73B172F1B08B3D400E17307 /* Supporting Files */ = {
			isa = PBXGroup;
			children = (
				D73B17301B08B3D400E17307 /* Info.plist */,
			);
			name = "Supporting Files";
			sourceTree = "<group>";
		};
/* End PBXGroup section */

/* Begin PBXNativeTarget section */
		D73B17111B08B3D400E17307 /* TLSDemo */ = {
			isa = PBXNativeTarget;
			buildConfigurationList = D73B17351B08B3D400E17307 /* Build configuration list for PBXNativeTarget "TLSDemo" */;
			buildPhases = (
				D73B170E1B08B3D400E17307 /* Sources */,
				D73B170F1B08B3D400E17307 /* Frameworks */,
				D73B17101B08B3D400E17307 /* Resources */,
			);
			buildRules = (
			);
			dependencies = (
			);
			name = TLSDemo;
			productName = TLSDemo;
			productReference = D73B17121B08B3D400E17307 /* TLSDemo.app */;
			productType = "com.apple.product-type.application";
		};
		D73B172A1B08B3D400E17307 /* TLSDemoTests */ = {
			isa = PBXNativeTarget;
			buildConfigurationList = D73B17381B08B3D400E17307 /* Build configuration list for PBXNativeTarget "TLSDemoTests" */;
			buildPhases = (
				D73B17271B08B3D400E17307 /* Sources */,
				D73B17281B08B3D400E17307 /* Frameworks */,
				D73B17291B08B3D400E17307 /* Resources */,
			);
			buildRules = (
			);
			dependencies = (
				D73B172D1B08B3D400E17307 /* PBXTargetDependency */,
			);
			name = TLSDemoTests;
			productName = TLSDemoTests;
			productReference = D73B172B1B08B3D400E17307 /* TLSDemoTests.xctest */;
			productType = "com.apple.product-type.bundle.unit-test";
		};
/* End PBXNativeTarget section */

/* Begin PBXProject section */
		D73B170A1B08B3D300E17307 /* Project object */ = {
			isa = PBXProject;
			attributes = {
				LastUpgradeCheck = 0610;
				ORGANIZATIONNAME = "Abdullah Bakhach";
				TargetAttributes = {
					D73B17111B08B3D400E17307 = {
						CreatedOnToolsVersion = 6.1.1;
					};
					D73B172A1B08B3D400E17307 = {
						CreatedOnToolsVersion = 6.1.1;
						TestTargetID = D73B17111B08B3D400E17307;
					};
				};
			};
			buildConfigurationList = D73B170D1B08B3D300E17307 /* Build configuration list for PBXProject "TLSDemo" */;
			compatibilityVersion = "Xcode 3.2";
			developmentRegion = English;
			hasScannedForEncodings = 0;
			knownRegions = (
				en,
				Base,
			);
			mainGroup = D73B17091B08B3D300E17307;
			productRefGroup = D73B17131B08B3D400E17307 /* Products */;
			projectDirPath = "";
			projectRoot = "";
			targets = (
				D73B17111B08B3D400E17307 /* TLSDemo */,
				D73B172A1B08B3D400E17307 /* TLSDemoTests */,
			);
		};
/* End PBXProject section */

/* Begin PBXResourcesBuildPhase section */
		D73B17101B08B3D400E17307 /* Resources */ = {
			isa = PBXResourcesBuildPhase;
			buildActionMask = 2147483647;
			files = (
				D73B17211B08B3D400E17307 /* Main.storyboard in Resources */,
				D73B17261B08B3D400E17307 /* LaunchScreen.xib in Resources */,
				D73B17231B08B3D400E17307 /* Images.xcassets in Resources */,
			);
			runOnlyForDeploymentPostprocessing = 0;
		};
		D73B17291B08B3D400E17307 /* Resources */ = {
			isa = PBXResourcesBuildPhase;
			buildActionMask = 2147483647;
			files = (
			);
			runOnlyForDeploymentPostprocessing = 0;
		};
/* End PBXResourcesBuildPhase section */

/* Begin PBXSourcesBuildPhase section */
		D73B170E1B08B3D400E17307 /* Sources */ = {
			isa = PBXSourcesBuildPhase;
			buildActionMask = 2147483647;
			files = (
				D73B171E1B08B3D400E17307 /* ViewController.m in Sources */,
				D73B171B1B08B3D400E17307 /* AppDelegate.m in Sources */,
				D73B17181B08B3D400E17307 /* main.m in Sources */,
			);
			runOnlyForDeploymentPostprocessing = 0;
		};
		D73B17271B08B3D400E17307 /* Sources */ = {
			isa = PBXSourcesBuildPhase;
			buildActionMask = 2147483647;
			files = (
				D73B17321B08B3D400E17307 /* TLSDemoTests.m in Sources */,
			);
			runOnlyForDeploymentPostprocessing = 0;
		};
/* End PBXSourcesBuildPhase section */

/* Begin PBXTargetDependency section */
		D73B172D1B08B3D400E17307 /* PBXTargetDependency */ = {
			isa = PBXTargetDependency;
			target = D73B17111B08B3D400E17307 /* TLSDemo */;
			targetProxy = D73B172C1B08B3D400E17307 /* PBXContainerItemProxy */;
		};
/* End PBXTargetDependency section */

/* Begin PBXVariantGroup section */
		D73B171F1B08B3D400E17307 /* Main.storyboard */ = {
			isa = PBXVariantGroup;
			children = (
				D73B17201B08B3D400E17307 /* Base */,
			);
			name = Main.storyboard;
			sourceTree = "<group>";
		};
		D73B17241B08B3D400E17307 /* LaunchScreen.xib */ = {
			isa = PBXVariantGroup;
			children = (
				D73B17251B08B3D400E17307 /* Base */,
			);
			name = LaunchScreen.xib;
			sourceTree = "<group>";
		};
/* End PBXVariantGroup section */

/* Begin XCBuildConfiguration section */
		D73B17331B08B3D400E17307 /* Debug */ = {
			isa = XCBuildConfiguration;
			buildSettings = {
				ALWAYS_SEARCH_USER_PATHS = NO;
				CLANG_CXX_LANGUAGE_STANDARD = "gnu++0x";
				CLANG_CXX_LIBRARY = "libc++";
				CLANG_ENABLE_MODULES = YES;
				CLANG_ENABLE_OBJC_ARC = YES;
				CLANG_WARN_BOOL_CONVERSION = YES;
				CLANG_WARN_CONSTANT_CONVERSION = YES;
				CLANG_WARN_DIRECT_OBJC_ISA_USAGE = YES_ERROR;
				CLANG_WARN_EMPTY_BODY = YES;
				CLANG_WARN_ENUM_CONVERSION = YES;
				CLANG_WARN_INT_CONVERSION = YES;
				CLANG_WARN_OBJC_ROOT_CLASS = YES_ERROR;
				CLANG_WARN_UNREACHABLE_CODE = YES;
				CLANG_WARN__DUPLICATE_METHOD_MATCH = YES;
				"CODE_SIGN_IDENTITY[sdk=iphoneos*]" = "iPhone Developer";
				COPY_PHASE_STRIP = NO;
				ENABLE_STRICT_OBJC_MSGSEND = YES;
				GCC_C_LANGUAGE_STANDARD = gnu99;
				GCC_DYNAMIC_NO_PIC = NO;
				GCC_OPTIMIZATION_LEVEL = 0;
				GCC_PREPROCESSOR_DEFINITIONS = (
					"DEBUG=1",
					"$(inherited)",
				);
				GCC_SYMBOLS_PRIVATE_EXTERN = NO;
				GCC_WARN_64_TO_32_BIT_CONVERSION = YES;
				GCC_WARN_ABOUT_RETURN_TYPE = YES_ERROR;
				GCC_WARN_UNDECLARED_SELECTOR = YES;
				GCC_WARN_UNINITIALIZED_AUTOS = YES_AGGRESSIVE;
				GCC_WARN_UNUSED_FUNCTION = YES;
				GCC_WARN_UNUSED_VARIABLE = YES;
				IPHONEOS_DEPLOYMENT_TARGET = 8.1;
				MTL_ENABLE_DEBUG_INFO = YES;
				ONLY_ACTIVE_ARCH = YES;
				SDKROOT = iphoneos;
			};
			name = Debug;
		};
		D73B17341B08B3D400E17307 /* Release */ = {
			isa = XCBuildConfiguration;
			buildSettings = {
				ALWAYS_SEARCH_USER_PATHS = NO;
				CLANG_CXX_LANGUAGE_STANDARD = "gnu++0x";
				CLANG_CXX_LIBRARY = "libc++";
				CLANG_ENABLE_MODULES = YES;
				CLANG_ENABLE_OBJC_ARC = YES;
				CLANG_WARN_BOOL_CONVERSION = YES;
				CLANG_WARN_CONSTANT_CONVERSION = YES;
				CLANG_WARN_DIRECT_OBJC_ISA_USAGE = YES_ERROR;
				CLANG_WARN_EMPTY_BODY = YES;
				CLANG_WARN_ENUM_CONVERSION = YES;
				CLANG_WARN_INT_CONVERSION = YES;
				CLANG_WARN_OBJC_ROOT_CLASS = YES_ERROR;
				CLANG_WARN_UNREACHABLE_CODE = YES;
				CLANG_WARN__DUPLICATE_METHOD_MATCH = YES;
				"CODE_SIGN_IDENTITY[sdk=iphoneos*]" = "iPhone Developer";
				COPY_PHASE_STRIP = YES;
				ENABLE_NS_ASSERTIONS = NO;
				ENABLE_STRICT_OBJC_MSGSEND = YES;
				GCC_C_LANGUAGE_STANDARD = gnu99;
				GCC_WARN_64_TO_32_BIT_CONVERSION = YES;
				GCC_WARN_ABOUT_RETURN_TYPE = YES_ERROR;
				GCC_WARN_UNDECLARED_SELECTOR = YES;
				GCC_WARN_UNINITIALIZED_AUTOS = YES_AGGRESSIVE;
				GCC_WARN_UNUSED_FUNCTION = YES;
				GCC_WARN_UNUSED_VARIABLE = YES;
				IPHONEOS_DEPLOYMENT_TARGET = 8.1;
				MTL_ENABLE_DEBUG_INFO = NO;
				SDKROOT = iphoneos;
				VALIDATE_PRODUCT = YES;
			};
			name = Release;
		};
		D73B17361B08B3D400E17307 /* Debug */ = {
			isa = XCBuildConfiguration;
			buildSettings = {
				ASSETCATALOG_COMPILER_APPICON_NAME = AppIcon;
				INFOPLIST_FILE = TLSDemo/Info.plist;
				LD_RUNPATH_SEARCH_PATHS = "$(inherited) @executable_path/Frameworks";
				PRODUCT_NAME = "$(TARGET_NAME)";
			};
			name = Debug;
		};
		D73B17371B08B3D400E17307 /* Release */ = {
			isa = XCBuildConfiguration;
			buildSettings = {
				ASSETCATALOG_COMPILER_APPICON_NAME = AppIcon;
				INFOPLIST_FILE = TLSDemo/Info.plist;
				LD_RUNPATH_SEARCH_PATHS = "$(inherited) @executable_path/Frameworks";
				PRODUCT_NAME = "$(TARGET_NAME)";
			};
			name = Release;
		};
		D73B17391B08B3D400E17307 /* Debug */ = {
			isa = XCBuildConfiguration;
			buildSettings = {
				BUNDLE_LOADER = "$(TEST_HOST)";
				FRAMEWORK_SEARCH_PATHS = (
					"$(SDKROOT)/Developer/Library/Frameworks",
					"$(inherited)",
				);
				GCC_PREPROCESSOR_DEFINITIONS = (
					"DEBUG=1",
					"$(inherited)",
				);
				INFOPLIST_FILE = TLSDemoTests/Info.plist;
				LD_RUNPATH_SEARCH_PATHS = "$(inherited) @executable_path/Frameworks @loader_path/Frameworks";
				PRODUCT_NAME = "$(TARGET_NAME)";
				TEST_HOST = "$(BUILT_PRODUCTS_DIR)/TLSDemo.app/TLSDemo";
			};
			name = Debug;
		};
		D73B173A1B08B3D400E17307 /* Release */ = {
			isa = XCBuildConfiguration;
			buildSettings = {
				BUNDLE_LOADER = "$(TEST_HOST)";
				FRAMEWORK_SEARCH_PATHS = (
					"$(SDKROOT)/Developer/Library/Frameworks",
					"$(inherited)",
				);
				INFOPLIST_FILE = TLSDemoTests/Info.plist;
				LD_RUNPATH_SEARCH_PATHS = "$(inherited) @executable_path/Frameworks @loader_path/Frameworks";
				PRODUCT_NAME = "$(TARGET_NAME)";
				TEST_HOST = "$(BUILT_PRODUCTS_DIR)/TLSDemo.app/TLSDemo";
			};
			name = Release;
		};
/* End XCBuildConfiguration section */

/* Begin XCConfigurationList section */
		D73B170D1B08B3D300E17307 /* Build configuration list for PBXProject "TLSDemo" */ = {
			isa = XCConfigurationList;
			buildConfigurations = (
				D73B17331B08B3D400E17307 /* Debug */,
				D73B17341B08B3D400E17307 /* Release */,
			);
			defaultConfigurationIsVisible = 0;
			defaultConfigurationName = Release;
		};
		D73B17351B08B3D400E17307 /* Build configuration list for PBXNativeTarget "TLSDemo" */ = {
			isa = XCConfigurationList;
			buildConfigurations = (
				D73B17361B08B3D400E17307 /* Debug */,
				D73B17371B08B3D400E17307 /* Release */,
			);
			defaultConfigurationIsVisible = 0;
		};
		D73B17381B08B3D400E17307 /* Build configuration list for PBXNativeTarget "TLSDemoTests" */ = {
			isa = XCConfigurationList;
			buildConfigurations = (
				D73B17391B08B3D400E17307 /* Debug */,
				D73B173A1B08B3D400E17307 /* Release */,
			);
			defaultConfigurationIsVisible = 0;
		};
/* End XCConfigurationList section */
	};
	rootObject = D73B170A1B08B3D300E17307 /* Project object */;
}
